<?xml version="1.0" encoding="utf-8"?>
<Project ToolsVersion="4.0" xmlns="http://schemas.microsoft.com/developer/msbuild/2003">
  <ItemGroup>
    <Filter Include="소스 파일">
      <UniqueIdentifier>{4FC737F1-C7A5-4376-A066-2A32D752A2FF}</UniqueIdentifier>
      <Extensions>cpp;c;cc;cxx;c++;cppm;ixx;def;odl;idl;hpj;bat;asm;asmx</Extensions>
    </Filter>
    <Filter Include="헤더 파일">
      <UniqueIdentifier>{93995380-89BD-4b04-88EB-625FBE52EBFB}</UniqueIdentifier>
      <Extensions>h;hh;hpp;hxx;h++;hm;inl;inc;ipp;xsd</Extensions>
    </Filter>
    <Filter Include="리소스 파일">
      <UniqueIdentifier>{67DA6AB6-F800-4c08-8B7A-83BB121AAD01}</UniqueIdentifier>
      <Extensions>rc;ico;cur;bmp;dlg;rc2;rct;bin;rgs;gif;jpg;jpeg;jpe;resx;tiff;tif;png;wav;mfcribbon-ms</Extensions>
    </Filter>
    <Filter Include="소스 파일\NetworkManager">
      <UniqueIdentifier>{dbe9cec9-4c9b-47b1-a91e-6b4be5a87e61}</UniqueIdentifier>
    </Filter>
    <Filter Include="소스 파일\PlayerMgr">
      <UniqueIdentifier>{87bfc09b-2925-485a-aac1-28f7ea3fd0ad}</UniqueIdentifier>
    </Filter>
  </ItemGroup>
  <ItemGroup>
    <ClCompile Include="Servermain.cpp">
      <Filter>소스 파일</Filter>
    </ClCompile>
    <ClCompile Include="NetworkManager.cpp">
      <Filter>소스 파일\NetworkManager</Filter>
    </ClCompile>
    <ClCompile Include="Player.cpp">
      <Filter>소스 파일\PlayerMgr</Filter>
    </ClCompile>
  </ItemGroup>
  <ItemGroup>
    <ClInclude Include="Common.h">
      <Filter>헤더 파일</Filter>
    </ClInclude>
    <ClInclude Include="NetworkManager.h">
      <Filter>소스 파일\NetworkManager</Filter>
    </ClInclude>
    <ClInclude Include="Player.h">
      <Filter>소스 파일\PlayerMgr</Filter>
    </ClInclude>
  </ItemGroup>
</Project>